// !$*UTF8*$!
{
	archiveVersion = 1;
	classes = {
	};
	objectVersion = 50;
	objects = {

/* Begin PBXBuildFile section */
		911080C823AE677A002156B7 /* AppDelegate.swift in Sources */ = {isa = PBXBuildFile; fileRef = 911080C723AE677A002156B7 /* AppDelegate.swift */; };
		911080CA23AE677A002156B7 /* SceneDelegate.swift in Sources */ = {isa = PBXBuildFile; fileRef = 911080C923AE677A002156B7 /* SceneDelegate.swift */; };
		911080CC23AE677A002156B7 /* ViewController.swift in Sources */ = {isa = PBXBuildFile; fileRef = 911080CB23AE677A002156B7 /* ViewController.swift */; };
		911080CF23AE677A002156B7 /* Main.storyboard in Resources */ = {isa = PBXBuildFile; fileRef = 911080CD23AE677A002156B7 /* Main.storyboard */; };
		911080D423AE677C002156B7 /* LaunchScreen.storyboard in Resources */ = {isa = PBXBuildFile; fileRef = 911080D223AE677C002156B7 /* LaunchScreen.storyboard */; };
		911080DC23AE6E52002156B7 /* CameraCell.swift in Sources */ = {isa = PBXBuildFile; fileRef = 911080DB23AE6E52002156B7 /* CameraCell.swift */; };
		911080E023AE831D002156B7 /* ScanedCell.swift in Sources */ = {isa = PBXBuildFile; fileRef = 911080DF23AE831D002156B7 /* ScanedCell.swift */; };
		911080E223AF01D2002156B7 /* CameraViewController.swift in Sources */ = {isa = PBXBuildFile; fileRef = 911080E123AF01D2002156B7 /* CameraViewController.swift */; };
		9122246B23C971A30094E79F /* Assets.xcassets in Resources */ = {isa = PBXBuildFile; fileRef = 9122246A23C971A30094E79F /* Assets.xcassets */; };
/* End PBXBuildFile section */

/* Begin PBXFileReference section */
		911080C423AE677A002156B7 /* BarcodeScan.app */ = {isa = PBXFileReference; explicitFileType = wrapper.application; includeInIndex = 0; path = BarcodeScan.app; sourceTree = BUILT_PRODUCTS_DIR; };
		911080C723AE677A002156B7 /* AppDelegate.swift */ = {isa = PBXFileReference; lastKnownFileType = sourcecode.swift; path = AppDelegate.swift; sourceTree = "<group>"; };
		911080C923AE677A002156B7 /* SceneDelegate.swift */ = {isa = PBXFileReference; lastKnownFileType = sourcecode.swift; path = SceneDelegate.swift; sourceTree = "<group>"; };
		911080CB23AE677A002156B7 /* ViewController.swift */ = {isa = PBXFileReference; lastKnownFileType = sourcecode.swift; path = ViewController.swift; sourceTree = "<group>"; };
		911080CE23AE677A002156B7 /* Base */ = {isa = PBXFileReference; lastKnownFileType = file.storyboard; name = Base; path = Base.lproj/Main.storyboard; sourceTree = "<group>"; };
		911080D323AE677C002156B7 /* Base */ = {isa = PBXFileReference; lastKnownFileType = file.storyboard; name = Base; path = Base.lproj/LaunchScreen.storyboard; sourceTree = "<group>"; };
		911080D523AE677C002156B7 /* Info.plist */ = {isa = PBXFileReference; lastKnownFileType = text.plist.xml; path = Info.plist; sourceTree = "<group>"; };
		911080DB23AE6E52002156B7 /* CameraCell.swift */ = {isa = PBXFileReference; lastKnownFileType = sourcecode.swift; name = CameraCell.swift; path = Cells/CameraCell.swift; sourceTree = "<group>"; };
		911080DF23AE831D002156B7 /* ScanedCell.swift */ = {isa = PBXFileReference; lastKnownFileType = sourcecode.swift; name = ScanedCell.swift; path = Cells/ScanedCell.swift; sourceTree = "<group>"; };
		911080E123AF01D2002156B7 /* CameraViewController.swift */ = {isa = PBXFileReference; lastKnownFileType = sourcecode.swift; path = CameraViewController.swift; sourceTree = "<group>"; };
		9122246A23C971A30094E79F /* Assets.xcassets */ = {isa = PBXFileReference; lastKnownFileType = folder.assetcatalog; name = Assets.xcassets; path = ../../../../../mobeleclass2019/7.MusicPlayer/Assets.xcassets; sourceTree = "<group>"; };
/* End PBXFileReference section */

/* Begin PBXFrameworksBuildPhase section */
		911080C123AE677A002156B7 /* Frameworks */ = {
			isa = PBXFrameworksBuildPhase;
			buildActionMask = 2147483647;
			files = (
			);
			runOnlyForDeploymentPostprocessing = 0;
		};
/* End PBXFrameworksBuildPhase section */

/* Begin PBXGroup section */
		911080BB23AE677A002156B7 = {
			isa = PBXGroup;
			children = (
				911080C623AE677A002156B7 /* BarcodeScan */,
				911080C523AE677A002156B7 /* Products */,
			);
			sourceTree = "<group>";
		};
		911080C523AE677A002156B7 /* Products */ = {
			isa = PBXGroup;
			children = (
				911080C423AE677A002156B7 /* BarcodeScan.app */,
			);
			name = Products;
			sourceTree = "<group>";
		};
		911080C623AE677A002156B7 /* BarcodeScan */ = {
			isa = PBXGroup;
			children = (
				9122246A23C971A30094E79F /* Assets.xcassets */,
				911080C723AE677A002156B7 /* AppDelegate.swift */,
				911080C923AE677A002156B7 /* SceneDelegate.swift */,
				911080CB23AE677A002156B7 /* ViewController.swift */,
				911080CD23AE677A002156B7 /* Main.storyboard */,
				911080DF23AE831D002156B7 /* ScanedCell.swift */,
				911080D223AE677C002156B7 /* LaunchScreen.storyboard */,
				911080D523AE677C002156B7 /* Info.plist */,
				911080DB23AE6E52002156B7 /* CameraCell.swift */,
				911080E123AF01D2002156B7 /* CameraViewController.swift */,
			);
			path = BarcodeScan;
			sourceTree = "<group>";
		};
/* End PBXGroup section */

/* Begin PBXNativeTarget section */
		911080C323AE677A002156B7 /* BarcodeScan */ = {
			isa = PBXNativeTarget;
			buildConfigurationList = 911080D823AE677C002156B7 /* Build configuration list for PBXNativeTarget "BarcodeScan" */;
			buildPhases = (
				911080C023AE677A002156B7 /* Sources */,
				911080C123AE677A002156B7 /* Frameworks */,
				911080C223AE677A002156B7 /* Resources */,
			);
			buildRules = (
			);
			dependencies = (
			);
			name = BarcodeScan;
			productName = BarcodeScan;
			productReference = 911080C423AE677A002156B7 /* BarcodeScan.app */;
			productType = "com.apple.product-type.application";
		};
/* End PBXNativeTarget section */

/* Begin PBXProject section */
		911080BC23AE677A002156B7 /* Project object */ = {
			isa = PBXProject;
			attributes = {
				LastSwiftUpdateCheck = 1130;
				LastUpgradeCheck = 1130;
				ORGANIZATIONNAME = "曲波";
				TargetAttributes = {
					911080C323AE677A002156B7 = {
						CreatedOnToolsVersion = 11.3;
					};
				};
			};
			buildConfigurationList = 911080BF23AE677A002156B7 /* Build configuration list for PBXProject "BarcodeScan" */;
			compatibilityVersion = "Xcode 9.3";
			developmentRegion = en;
			hasScannedForEncodings = 0;
			knownRegions = (
				en,
				Base,
			);
			mainGroup = 911080BB23AE677A002156B7;
			productRefGroup = 911080C523AE677A002156B7 /* Products */;
			projectDirPath = "";
			projectRoot = "";
			targets = (
				911080C323AE677A002156B7 /* BarcodeScan */,
			);
		};
/* End PBXProject section */

/* Begin PBXResourcesBuildPhase section */
		911080C223AE677A002156B7 /* Resources */ = {
			isa = PBXResourcesBuildPhase;
			buildActionMask = 2147483647;
			files = (
				911080D423AE677C002156B7 /* LaunchScreen.storyboard in Resources */,
				9122246B23C971A30094E79F /* Assets.xcassets in Resources */,
				911080CF23AE677A002156B7 /* Main.storyboard in Resources */,
			);
			runOnlyForDeploymentPostprocessing = 0;
		};
/* End PBXResourcesBuildPhase section */

/* Begin PBXSourcesBuildPhase section */
		911080C023AE677A002156B7 /* Sources */ = {
			isa = PBXSourcesBuildPhase;
			buildActionMask = 2147483647;
			files = (
				911080DC23AE6E52002156B7 /* CameraCell.swift in Sources */,
				911080CC23AE677A002156B7 /* ViewController.swift in Sources */,
				911080C823AE677A002156B7 /* AppDelegate.swift in Sources */,
				911080CA23AE677A002156B7 /* SceneDelegate.swift in Sources */,
				911080E023AE831D002156B7 /* ScanedCell.swift in Sources */,
				911080E223AF01D2002156B7 /* CameraViewController.swift in Sources */,
			);
			runOnlyForDeploymentPostprocessing = 0;
		};
/* End PBXSourcesBuildPhase section */

/* Begin PBXVariantGroup section */
		911080CD23AE677A002156B7 /* Main.storyboard */ = {
			isa = PBXVariantGroup;
			children = (
				911080CE23AE677A002156B7 /* Base */,
			);
			name = Main.storyboard;
			sourceTree = "<group>";
		};
		911080D223AE677C002156B7 /* LaunchScreen.storyboard */ = {
			isa = PBXVariantGroup;
			children = (
				911080D323AE677C002156B7 /* Base */,
			);
			name = LaunchScreen.storyboard;
			sourceTree = "<group>";
		};
/* End PBXVariantGroup section */

/* Begin XCBuildConfiguration section */
		911080D623AE677C002156B7 /* Debug */ = {
			isa = XCBuildConfiguration;
			buildSettings = {
				ALWAYS_SEARCH_USER_PATHS = NO;
				CLANG_ANALYZER_NONNULL = YES;
				CLANG_ANALYZER_NUMBER_OBJECT_CONVERSION = YES_AGGRESSIVE;
				CLANG_CXX_LANGUAGE_STANDARD = "gnu++14";
				CLANG_CXX_LIBRARY = "libc++";
				CLANG_ENABLE_MODULES = YES;
				CLANG_ENABLE_OBJC_ARC = YES;
				CLANG_ENABLE_OBJC_WEAK = YES;
				CLANG_WARN_BLOCK_CAPTURE_AUTORELEASING = YES;
				CLANG_WARN_BOOL_CONVERSION = YES;
				CLANG_WARN_COMMA = YES;
				CLANG_WARN_CONSTANT_CONVERSION = YES;
				CLANG_WARN_DEPRECATED_OBJC_IMPLEMENTATIONS = YES;
				CLANG_WARN_DIRECT_OBJC_ISA_USAGE = YES_ERROR;
				CLANG_WARN_DOCUMENTATION_COMMENTS = YES;
				CLANG_WARN_EMPTY_BODY = YES;
				CLANG_WARN_ENUM_CONVERSION = YES;
				CLANG_WARN_INFINITE_RECURSION = YES;
				CLANG_WARN_INT_CONVERSION = YES;
				CLANG_WARN_NON_LITERAL_NULL_CONVERSION = YES;
				CLANG_WARN_OBJC_IMPLICIT_RETAIN_SELF = YES;
				CLANG_WARN_OBJC_LITERAL_CONVERSION = YES;
				CLANG_WARN_OBJC_ROOT_CLASS = YES_ERROR;
				CLANG_WARN_RANGE_LOOP_ANALYSIS = YES;
				CLANG_WARN_STRICT_PROTOTYPES = YES;
				CLANG_WARN_SUSPICIOUS_MOVE = YES;
				CLANG_WARN_UNGUARDED_AVAILABILITY = YES_AGGRESSIVE;
				CLANG_WARN_UNREACHABLE_CODE = YES;
				CLANG_WARN__DUPLICATE_METHOD_MATCH = YES;
				COPY_PHASE_STRIP = NO;
				DEBUG_INFORMATION_FORMAT = dwarf;
				ENABLE_STRICT_OBJC_MSGSEND = YES;
				ENABLE_TESTABILITY = YES;
				GCC_C_LANGUAGE_STANDARD = gnu11;
				GCC_DYNAMIC_NO_PIC = NO;
				GCC_NO_COMMON_BLOCKS = YES;
				GCC_OPTIMIZATION_LEVEL = 0;
				GCC_PREPROCESSOR_DEFINITIONS = (
					"DEBUG=1",
					"$(inherited)",
				);
				GCC_WARN_64_TO_32_BIT_CONVERSION = YES;
				GCC_WARN_ABOUT_RETURN_TYPE = YES_ERROR;
				GCC_WARN_UNDECLARED_SELECTOR = YES;
				GCC_WARN_UNINITIALIZED_AUTOS = YES_AGGRESSIVE;
				GCC_WARN_UNUSED_FUNCTION = YES;
				GCC_WARN_UNUSED_VARIABLE = YES;
				IPHONEOS_DEPLOYMENT_TARGET = 13.2;
				MTL_ENABLE_DEBUG_INFO = INCLUDE_SOURCE;
				MTL_FAST_MATH = YES;
				ONLY_ACTIVE_ARCH = YES;
				SDKROOT = iphoneos;
				SWIFT_ACTIVE_COMPILATION_CONDITIONS = DEBUG;
				SWIFT_OPTIMIZATION_LEVEL = "-Onone";
			};
			name = Debug;
		};
		911080D723AE677C002156B7 /* Release */ = {
			isa = XCBuildConfiguration;
			buildSettings = {
				ALWAYS_SEARCH_USER_PATHS = NO;
				CLANG_ANALYZER_NONNULL = YES;
				CLANG_ANALYZER_NUMBER_OBJECT_CONVERSION = YES_AGGRESSIVE;
				CLANG_CXX_LANGUAGE_STANDARD = "gnu++14";
				CLANG_CXX_LIBRARY = "libc++";
				CLANG_ENABLE_MODULES = YES;
				CLANG_ENABLE_OBJC_ARC = YES;
				CLANG_ENABLE_OBJC_WEAK = YES;
				CLANG_WARN_BLOCK_CAPTURE_AUTORELEASING = YES;
				CLANG_WARN_BOOL_CONVERSION = YES;
				CLANG_WARN_COMMA = YES;
				CLANG_WARN_CONSTANT_CONVERSION = YES;
				CLANG_WARN_DEPRECATED_OBJC_IMPLEMENTATIONS = YES;
				CLANG_WARN_DIRECT_OBJC_ISA_USAGE = YES_ERROR;
				CLANG_WARN_DOCUMENTATION_COMMENTS = YES;
				CLANG_WARN_EMPTY_BODY = YES;
				CLANG_WARN_ENUM_CONVERSION = YES;
				CLANG_WARN_INFINITE_RECURSION = YES;
				CLANG_WARN_INT_CONVERSION = YES;
				CLANG_WARN_NON_LITERAL_NULL_CONVERSION = YES;
				CLANG_WARN_OBJC_IMPLICIT_RETAIN_SELF = YES;
				CLANG_WARN_OBJC_LITERAL_CONVERSION = YES;
				CLANG_WARN_OBJC_ROOT_CLASS = YES_ERROR;
				CLANG_WARN_RANGE_LOOP_ANALYSIS = YES;
				CLANG_WARN_STRICT_PROTOTYPES = YES;
				CLANG_WARN_SUSPICIOUS_MOVE = YES;
				CLANG_WARN_UNGUARDED_AVAILABILITY = YES_AGGRESSIVE;
				CLANG_WARN_UNREACHABLE_CODE = YES;
				CLANG_WARN__DUPLICATE_METHOD_MATCH = YES;
				COPY_PHASE_STRIP = NO;
				DEBUG_INFORMATION_FORMAT = "dwarf-with-dsym";
				ENABLE_NS_ASSERTIONS = NO;
				ENABLE_STRICT_OBJC_MSGSEND = YES;
				GCC_C_LANGUAGE_STANDARD = gnu11;
				GCC_NO_COMMON_BLOCKS = YES;
				GCC_WARN_64_TO_32_BIT_CONVERSION = YES;
				GCC_WARN_ABOUT_RETURN_TYPE = YES_ERROR;
				GCC_WARN_UNDECLARED_SELECTOR = YES;
				GCC_WARN_UNINITIALIZED_AUTOS = YES_AGGRESSIVE;
				GCC_WARN_UNUSED_FUNCTION = YES;
				GCC_WARN_UNUSED_VARIABLE = YES;
				IPHONEOS_DEPLOYMENT_TARGET = 13.2;
				MTL_ENABLE_DEBUG_INFO = NO;
				MTL_FAST_MATH = YES;
				SDKROOT = iphoneos;
				SWIFT_COMPILATION_MODE = wholemodule;
				SWIFT_OPTIMIZATION_LEVEL = "-O";
				VALIDATE_PRODUCT = YES;
			};
			name = Release;
		};
		911080D923AE677C002156B7 /* Debug */ = {
			isa = XCBuildConfiguration;
			buildSettings = {
				ASSETCATALOG_COMPILER_APPICON_NAME = AppIcon;
				CODE_SIGN_STYLE = Automatic;
				CURRENT_PROJECT_VERSION = 1.0.0;
				DEVELOPMENT_TEAM = S6CGKKTVHP;
				INFOPLIST_FILE = BarcodeScan/Info.plist;
				IPHONEOS_DEPLOYMENT_TARGET = 13.2;
				LD_RUNPATH_SEARCH_PATHS = (
					"$(inherited)",
					"@executable_path/Frameworks",
				);
				PRODUCT_BUNDLE_IDENTIFIER = com.h.kyoku.BarcodeScan;
				PRODUCT_NAME = "$(TARGET_NAME)";
				SWIFT_VERSION = 5.0;
				TARGETED_DEVICE_FAMILY = 1;
			};
			name = Debug;
		};
		911080DA23AE677C002156B7 /* Release */ = {
			isa = XCBuildConfiguration;
			buildSettings = {
				ASSETCATALOG_COMPILER_APPICON_NAME = AppIcon;
				CODE_SIGN_STYLE = Automatic;
				CURRENT_PROJECT_VERSION = 1.0.0;
				DEVELOPMENT_TEAM = S6CGKKTVHP;
				INFOPLIST_FILE = BarcodeScan/Info.plist;
				IPHONEOS_DEPLOYMENT_TARGET = 13.2;
				LD_RUNPATH_SEARCH_PATHS = (
					"$(inherited)",
					"@executable_path/Frameworks",
				);
				PRODUCT_BUNDLE_IDENTIFIER = com.h.kyoku.BarcodeScan;
				PRODUCT_NAME = "$(TARGET_NAME)";
				SWIFT_VERSION = 5.0;
				TARGETED_DEVICE_FAMILY = 1;
			};
			name = Release;
		};
/* End XCBuildConfiguration section */

/* Begin XCConfigurationList section */
		911080BF23AE677A002156B7 /* Build configuration list for PBXProject "BarcodeScan" */ = {
			isa = XCConfigurationList;
			buildConfigurations = (
				911080D623AE677C002156B7 /* Debug */,
				911080D723AE677C002156B7 /* Release */,
			);
			defaultConfigurationIsVisible = 0;
			defaultConfigurationName = Release;
		};
		911080D823AE677C002156B7 /* Build configuration list for PBXNativeTarget "BarcodeScan" */ = {
			isa = XCConfigurationList;
			buildConfigurations = (
				911080D923AE677C002156B7 /* Debug */,
				911080DA23AE677C002156B7 /* Release */,
			);
			defaultConfigurationIsVisible = 0;
			defaultConfigurationName = Release;
		};
/* End XCConfigurationList section */
	};
	rootObject = 911080BC23AE677A002156B7 /* Project object */;
}
